// !$*UTF8*$!
{
	archiveVersion = 1;
	classes = {
	};
	objectVersion = 52;
	objects = {

/* Begin PBXBuildFile section */
		301FD85A247552F000F95C72 /* CircleView.swift in Sources */ = {isa = PBXBuildFile; fileRef = 301FD859247552F000F95C72 /* CircleView.swift */; };
		3054CF6624813F3F0097775B /* DateMangerTests.swift in Sources */ = {isa = PBXBuildFile; fileRef = 3054CF6524813F3F0097775B /* DateMangerTests.swift */; };
		305B1B842482347000836302 /* SendDataDelegate.swift in Sources */ = {isa = PBXBuildFile; fileRef = 305B1B832482347000836302 /* SendDataDelegate.swift */; };
		306FD62A247D402A00A65DB0 /* MainViewController.swift in Sources */ = {isa = PBXBuildFile; fileRef = 306FD629247D402A00A65DB0 /* MainViewController.swift */; };
		30A5C16624852D3900D8D2D9 /* NetworkDispatcher.swift in Sources */ = {isa = PBXBuildFile; fileRef = 30A5C16524852D3900D8D2D9 /* NetworkDispatcher.swift */; };
		30A5C1682485412600D8D2D9 /* ExtendedSession.swift in Sources */ = {isa = PBXBuildFile; fileRef = 30A5C1672485412600D8D2D9 /* ExtendedSession.swift */; };
		30AEC503247FA1A300EB7413 /* AccommodationRequest.swift in Sources */ = {isa = PBXBuildFile; fileRef = 30AEC502247FA1A300EB7413 /* AccommodationRequest.swift */; };
		30B05656247E7AAB005AD8BB /* Request.swift in Sources */ = {isa = PBXBuildFile; fileRef = 30B05655247E7AAB005AD8BB /* Request.swift */; };
		30B05658247E9950005AD8BB /* FakeAccommodationList.json in Resources */ = {isa = PBXBuildFile; fileRef = 30B05657247E9950005AD8BB /* FakeAccommodationList.json */; };
		30B05660247E99AC005AD8BB /* AirbnbTests.swift in Sources */ = {isa = PBXBuildFile; fileRef = 30B0565F247E99AC005AD8BB /* AirbnbTests.swift */; };
		30B2E9202473D228002FB866 /* Accommodation.swift in Sources */ = {isa = PBXBuildFile; fileRef = 30B2E91F2473D228002FB866 /* Accommodation.swift */; };
		30B2E9242473F2C6002FB866 /* SearchViewController.swift in Sources */ = {isa = PBXBuildFile; fileRef = 30B2E9232473F2C6002FB866 /* SearchViewController.swift */; };
		30B2E9262473F367002FB866 /* AccommodationSearchCollectionViewDataSource.swift in Sources */ = {isa = PBXBuildFile; fileRef = 30B2E9252473F367002FB866 /* AccommodationSearchCollectionViewDataSource.swift */; };
		30B2E928247401EB002FB866 /* SearchTextField.swift in Sources */ = {isa = PBXBuildFile; fileRef = 30B2E927247401EB002FB866 /* SearchTextField.swift */; };
		30B89492247FD57A00DFF944 /* AccommodationListMock.swift in Sources */ = {isa = PBXBuildFile; fileRef = 30B89491247FD57A00DFF944 /* AccommodationListMock.swift */; };
		30B89495247FD7DA00DFF944 /* ViewModelBinding.swift in Sources */ = {isa = PBXBuildFile; fileRef = 30B89494247FD7DA00DFF944 /* ViewModelBinding.swift */; };
		30B89497247FDC4200DFF944 /* AccommodationListViewModel.swift in Sources */ = {isa = PBXBuildFile; fileRef = 30B89496247FDC4200DFF944 /* AccommodationListViewModel.swift */; };
		30C038A1247E471C00E1A921 /* Alamofire in Frameworks */ = {isa = PBXBuildFile; productRef = 30C038A0247E471C00E1A921 /* Alamofire */; };
		30C038A5247E481000E1A921 /* EndPoints.swift in Sources */ = {isa = PBXBuildFile; fileRef = 30C038A4247E481000E1A921 /* EndPoints.swift */; };
		30C038AA247E578400E1A921 /* AccommodationUseCase.swift in Sources */ = {isa = PBXBuildFile; fileRef = 30C038A9247E578400E1A921 /* AccommodationUseCase.swift */; };
		30D248DE247694C3002F64F2 /* CalendarHeaderView.swift in Sources */ = {isa = PBXBuildFile; fileRef = 30D248DC247694C3002F64F2 /* CalendarHeaderView.swift */; };
		781FC488247BEE8E0091AB61 /* CountControlButton.swift in Sources */ = {isa = PBXBuildFile; fileRef = 781FC487247BEE8E0091AB61 /* CountControlButton.swift */; };
		78262B4B247BDB88007AAEDA /* GuestViewController.swift in Sources */ = {isa = PBXBuildFile; fileRef = 78262B4A247BDB88007AAEDA /* GuestViewController.swift */; };
		78262B4E247BDCBE007AAEDA /* GuestSelectionView.swift in Sources */ = {isa = PBXBuildFile; fileRef = 78262B4D247BDCBE007AAEDA /* GuestSelectionView.swift */; };
		78262B50247BDDAB007AAEDA /* GuestSelectionView.xib in Resources */ = {isa = PBXBuildFile; fileRef = 78262B4F247BDDAB007AAEDA /* GuestSelectionView.xib */; };
		7872575924750C520050DB66 /* CalendarViewController.swift in Sources */ = {isa = PBXBuildFile; fileRef = 7872575824750C520050DB66 /* CalendarViewController.swift */; };
		787257642475132A0050DB66 /* DateManager.swift in Sources */ = {isa = PBXBuildFile; fileRef = 787257632475132A0050DB66 /* DateManager.swift */; };
		78725766247525270050DB66 /* CalendarCollectionViewCell.swift in Sources */ = {isa = PBXBuildFile; fileRef = 78725765247525270050DB66 /* CalendarCollectionViewCell.swift */; };
		78802AC92473A3C200A901E2 /* AppDelegate.swift in Sources */ = {isa = PBXBuildFile; fileRef = 78802AC82473A3C200A901E2 /* AppDelegate.swift */; };
		78802ACB2473A3C200A901E2 /* SceneDelegate.swift in Sources */ = {isa = PBXBuildFile; fileRef = 78802ACA2473A3C200A901E2 /* SceneDelegate.swift */; };
		78802AD02473A3C200A901E2 /* Main.storyboard in Resources */ = {isa = PBXBuildFile; fileRef = 78802ACE2473A3C200A901E2 /* Main.storyboard */; };
		78802AD22473A3C300A901E2 /* Assets.xcassets in Resources */ = {isa = PBXBuildFile; fileRef = 78802AD12473A3C300A901E2 /* Assets.xcassets */; };
		78802AD52473A3C300A901E2 /* LaunchScreen.storyboard in Resources */ = {isa = PBXBuildFile; fileRef = 78802AD32473A3C300A901E2 /* LaunchScreen.storyboard */; };
		78802ADD2473A7E200A901E2 /* FilterButton.swift in Sources */ = {isa = PBXBuildFile; fileRef = 78802ADC2473A7E200A901E2 /* FilterButton.swift */; };
		78802ADF2473ABD500A901E2 /* AccommodationSearchCollectionView.swift in Sources */ = {isa = PBXBuildFile; fileRef = 78802ADE2473ABD500A901E2 /* AccommodationSearchCollectionView.swift */; };
		78802AE42473BF1200A901E2 /* AccommodationSearchCollectionViewCell.swift in Sources */ = {isa = PBXBuildFile; fileRef = 78802AE22473BF1200A901E2 /* AccommodationSearchCollectionViewCell.swift */; };
		78802AE52473BF1200A901E2 /* AccommodationSearchCollectionViewCell.xib in Resources */ = {isa = PBXBuildFile; fileRef = 78802AE32473BF1200A901E2 /* AccommodationSearchCollectionViewCell.xib */; };
		78C40E1A24851FF800FA98FD /* PriceRangeViewController.swift in Sources */ = {isa = PBXBuildFile; fileRef = 78C40E1924851FF800FA98FD /* PriceRangeViewController.swift */; };
		78C40E222485293400FA98FD /* PriceRangeGraphView.swift in Sources */ = {isa = PBXBuildFile; fileRef = 78C40E212485293400FA98FD /* PriceRangeGraphView.swift */; };
		78C40E24248562B400FA98FD /* PriceRangeSlider.swift in Sources */ = {isa = PBXBuildFile; fileRef = 78C40E23248562B400FA98FD /* PriceRangeSlider.swift */; };
		78C40E262485633700FA98FD /* PriceRangeSliderTrackLayer.swift in Sources */ = {isa = PBXBuildFile; fileRef = 78C40E252485633700FA98FD /* PriceRangeSliderTrackLayer.swift */; };
		78C40E282485639F00FA98FD /* PriceRangeSliderThumbLayer.swift in Sources */ = {isa = PBXBuildFile; fileRef = 78C40E272485639F00FA98FD /* PriceRangeSliderThumbLayer.swift */; };
		78E8E574247D35AF00B758E5 /* PopupFooterView.swift in Sources */ = {isa = PBXBuildFile; fileRef = 78E8E570247D35AF00B758E5 /* PopupFooterView.swift */; };
		78E8E575247D35AF00B758E5 /* PopupHeaderView.xib in Resources */ = {isa = PBXBuildFile; fileRef = 78E8E571247D35AF00B758E5 /* PopupHeaderView.xib */; };
		78E8E576247D35AF00B758E5 /* PopupHeaderView.swift in Sources */ = {isa = PBXBuildFile; fileRef = 78E8E572247D35AF00B758E5 /* PopupHeaderView.swift */; };
		78E8E577247D35AF00B758E5 /* PopupFooterView.xib in Resources */ = {isa = PBXBuildFile; fileRef = 78E8E573247D35AF00B758E5 /* PopupFooterView.xib */; };
		D6EB7079E86E0EB83762633F /* Pods_Airbnb.framework in Frameworks */ = {isa = PBXBuildFile; fileRef = 83A1F45877EB89C0FF48E0AC /* Pods_Airbnb.framework */; };
/* End PBXBuildFile section */

/* Begin PBXContainerItemProxy section */
		30B05662247E99AC005AD8BB /* PBXContainerItemProxy */ = {
			isa = PBXContainerItemProxy;
			containerPortal = 78802ABD2473A3C200A901E2 /* Project object */;
			proxyType = 1;
			remoteGlobalIDString = 78802AC42473A3C200A901E2;
			remoteInfo = Airbnb;
		};
/* End PBXContainerItemProxy section */

/* Begin PBXFileReference section */
		301FD859247552F000F95C72 /* CircleView.swift */ = {isa = PBXFileReference; lastKnownFileType = sourcecode.swift; path = CircleView.swift; sourceTree = "<group>"; };
		3054CF6524813F3F0097775B /* DateMangerTests.swift */ = {isa = PBXFileReference; lastKnownFileType = sourcecode.swift; path = DateMangerTests.swift; sourceTree = "<group>"; };
		305B1B832482347000836302 /* SendDataDelegate.swift */ = {isa = PBXFileReference; lastKnownFileType = sourcecode.swift; path = SendDataDelegate.swift; sourceTree = "<group>"; };
		306FD629247D402A00A65DB0 /* MainViewController.swift */ = {isa = PBXFileReference; fileEncoding = 4; lastKnownFileType = sourcecode.swift; path = MainViewController.swift; sourceTree = "<group>"; };
		30A5C16524852D3900D8D2D9 /* NetworkDispatcher.swift */ = {isa = PBXFileReference; lastKnownFileType = sourcecode.swift; path = NetworkDispatcher.swift; sourceTree = "<group>"; };
		30A5C1672485412600D8D2D9 /* ExtendedSession.swift */ = {isa = PBXFileReference; lastKnownFileType = sourcecode.swift; path = ExtendedSession.swift; sourceTree = "<group>"; };
		30AEC502247FA1A300EB7413 /* AccommodationRequest.swift */ = {isa = PBXFileReference; lastKnownFileType = sourcecode.swift; path = AccommodationRequest.swift; sourceTree = "<group>"; };
		30B05655247E7AAB005AD8BB /* Request.swift */ = {isa = PBXFileReference; lastKnownFileType = sourcecode.swift; path = Request.swift; sourceTree = "<group>"; };
		30B05657247E9950005AD8BB /* FakeAccommodationList.json */ = {isa = PBXFileReference; lastKnownFileType = text.json; path = FakeAccommodationList.json; sourceTree = "<group>"; };
		30B0565D247E99AC005AD8BB /* AirbnbTests.xctest */ = {isa = PBXFileReference; explicitFileType = wrapper.cfbundle; includeInIndex = 0; path = AirbnbTests.xctest; sourceTree = BUILT_PRODUCTS_DIR; };
		30B0565F247E99AC005AD8BB /* AirbnbTests.swift */ = {isa = PBXFileReference; lastKnownFileType = sourcecode.swift; path = AirbnbTests.swift; sourceTree = "<group>"; };
		30B05661247E99AC005AD8BB /* Info.plist */ = {isa = PBXFileReference; lastKnownFileType = text.plist.xml; path = Info.plist; sourceTree = "<group>"; };
		30B2E91F2473D228002FB866 /* Accommodation.swift */ = {isa = PBXFileReference; lastKnownFileType = sourcecode.swift; path = Accommodation.swift; sourceTree = "<group>"; };
		30B2E9232473F2C6002FB866 /* SearchViewController.swift */ = {isa = PBXFileReference; lastKnownFileType = sourcecode.swift; path = SearchViewController.swift; sourceTree = "<group>"; };
		30B2E9252473F367002FB866 /* AccommodationSearchCollectionViewDataSource.swift */ = {isa = PBXFileReference; lastKnownFileType = sourcecode.swift; path = AccommodationSearchCollectionViewDataSource.swift; sourceTree = "<group>"; };
		30B2E927247401EB002FB866 /* SearchTextField.swift */ = {isa = PBXFileReference; lastKnownFileType = sourcecode.swift; path = SearchTextField.swift; sourceTree = "<group>"; };
		30B89491247FD57A00DFF944 /* AccommodationListMock.swift */ = {isa = PBXFileReference; lastKnownFileType = sourcecode.swift; path = AccommodationListMock.swift; sourceTree = "<group>"; };
		30B89494247FD7DA00DFF944 /* ViewModelBinding.swift */ = {isa = PBXFileReference; lastKnownFileType = sourcecode.swift; path = ViewModelBinding.swift; sourceTree = "<group>"; };
		30B89496247FDC4200DFF944 /* AccommodationListViewModel.swift */ = {isa = PBXFileReference; lastKnownFileType = sourcecode.swift; path = AccommodationListViewModel.swift; sourceTree = "<group>"; };
		30C038A4247E481000E1A921 /* EndPoints.swift */ = {isa = PBXFileReference; lastKnownFileType = sourcecode.swift; path = EndPoints.swift; sourceTree = "<group>"; };
		30C038A9247E578400E1A921 /* AccommodationUseCase.swift */ = {isa = PBXFileReference; lastKnownFileType = sourcecode.swift; path = AccommodationUseCase.swift; sourceTree = "<group>"; };
		30D248DC247694C3002F64F2 /* CalendarHeaderView.swift */ = {isa = PBXFileReference; lastKnownFileType = sourcecode.swift; path = CalendarHeaderView.swift; sourceTree = "<group>"; };
		4012801DAD21A7AE478D9312 /* Pods-Airbnb.debug.xcconfig */ = {isa = PBXFileReference; includeInIndex = 1; lastKnownFileType = text.xcconfig; name = "Pods-Airbnb.debug.xcconfig"; path = "Target Support Files/Pods-Airbnb/Pods-Airbnb.debug.xcconfig"; sourceTree = "<group>"; };
		781FC487247BEE8E0091AB61 /* CountControlButton.swift */ = {isa = PBXFileReference; lastKnownFileType = sourcecode.swift; path = CountControlButton.swift; sourceTree = "<group>"; };
		78262B4A247BDB88007AAEDA /* GuestViewController.swift */ = {isa = PBXFileReference; lastKnownFileType = sourcecode.swift; path = GuestViewController.swift; sourceTree = "<group>"; };
		78262B4D247BDCBE007AAEDA /* GuestSelectionView.swift */ = {isa = PBXFileReference; lastKnownFileType = sourcecode.swift; path = GuestSelectionView.swift; sourceTree = "<group>"; };
		78262B4F247BDDAB007AAEDA /* GuestSelectionView.xib */ = {isa = PBXFileReference; lastKnownFileType = file.xib; path = GuestSelectionView.xib; sourceTree = "<group>"; };
		7872575824750C520050DB66 /* CalendarViewController.swift */ = {isa = PBXFileReference; lastKnownFileType = sourcecode.swift; path = CalendarViewController.swift; sourceTree = "<group>"; };
		787257632475132A0050DB66 /* DateManager.swift */ = {isa = PBXFileReference; lastKnownFileType = sourcecode.swift; path = DateManager.swift; sourceTree = "<group>"; };
		78725765247525270050DB66 /* CalendarCollectionViewCell.swift */ = {isa = PBXFileReference; lastKnownFileType = sourcecode.swift; path = CalendarCollectionViewCell.swift; sourceTree = "<group>"; };
		78802AC52473A3C200A901E2 /* Airbnb.app */ = {isa = PBXFileReference; explicitFileType = wrapper.application; includeInIndex = 0; path = Airbnb.app; sourceTree = BUILT_PRODUCTS_DIR; };
		78802AC82473A3C200A901E2 /* AppDelegate.swift */ = {isa = PBXFileReference; lastKnownFileType = sourcecode.swift; path = AppDelegate.swift; sourceTree = "<group>"; };
		78802ACA2473A3C200A901E2 /* SceneDelegate.swift */ = {isa = PBXFileReference; lastKnownFileType = sourcecode.swift; path = SceneDelegate.swift; sourceTree = "<group>"; };
		78802ACF2473A3C200A901E2 /* Base */ = {isa = PBXFileReference; lastKnownFileType = file.storyboard; name = Base; path = Base.lproj/Main.storyboard; sourceTree = "<group>"; };
		78802AD12473A3C300A901E2 /* Assets.xcassets */ = {isa = PBXFileReference; lastKnownFileType = folder.assetcatalog; path = Assets.xcassets; sourceTree = "<group>"; };
		78802AD42473A3C300A901E2 /* Base */ = {isa = PBXFileReference; lastKnownFileType = file.storyboard; name = Base; path = Base.lproj/LaunchScreen.storyboard; sourceTree = "<group>"; };
		78802AD62473A3C300A901E2 /* Info.plist */ = {isa = PBXFileReference; lastKnownFileType = text.plist.xml; path = Info.plist; sourceTree = "<group>"; };
		78802ADC2473A7E200A901E2 /* FilterButton.swift */ = {isa = PBXFileReference; lastKnownFileType = sourcecode.swift; path = FilterButton.swift; sourceTree = "<group>"; };
		78802ADE2473ABD500A901E2 /* AccommodationSearchCollectionView.swift */ = {isa = PBXFileReference; lastKnownFileType = sourcecode.swift; path = AccommodationSearchCollectionView.swift; sourceTree = "<group>"; };
		78802AE22473BF1200A901E2 /* AccommodationSearchCollectionViewCell.swift */ = {isa = PBXFileReference; lastKnownFileType = sourcecode.swift; path = AccommodationSearchCollectionViewCell.swift; sourceTree = "<group>"; };
		78802AE32473BF1200A901E2 /* AccommodationSearchCollectionViewCell.xib */ = {isa = PBXFileReference; lastKnownFileType = file.xib; path = AccommodationSearchCollectionViewCell.xib; sourceTree = "<group>"; };
		78C40E1924851FF800FA98FD /* PriceRangeViewController.swift */ = {isa = PBXFileReference; lastKnownFileType = sourcecode.swift; path = PriceRangeViewController.swift; sourceTree = "<group>"; };
		78C40E212485293400FA98FD /* PriceRangeGraphView.swift */ = {isa = PBXFileReference; lastKnownFileType = sourcecode.swift; path = PriceRangeGraphView.swift; sourceTree = "<group>"; };
		78C40E23248562B400FA98FD /* PriceRangeSlider.swift */ = {isa = PBXFileReference; lastKnownFileType = sourcecode.swift; path = PriceRangeSlider.swift; sourceTree = "<group>"; };
		78C40E252485633700FA98FD /* PriceRangeSliderTrackLayer.swift */ = {isa = PBXFileReference; lastKnownFileType = sourcecode.swift; path = PriceRangeSliderTrackLayer.swift; sourceTree = "<group>"; };
		78C40E272485639F00FA98FD /* PriceRangeSliderThumbLayer.swift */ = {isa = PBXFileReference; lastKnownFileType = sourcecode.swift; path = PriceRangeSliderThumbLayer.swift; sourceTree = "<group>"; };
		78E8E570247D35AF00B758E5 /* PopupFooterView.swift */ = {isa = PBXFileReference; fileEncoding = 4; lastKnownFileType = sourcecode.swift; path = PopupFooterView.swift; sourceTree = "<group>"; };
		78E8E571247D35AF00B758E5 /* PopupHeaderView.xib */ = {isa = PBXFileReference; fileEncoding = 4; lastKnownFileType = file.xib; path = PopupHeaderView.xib; sourceTree = "<group>"; };
		78E8E572247D35AF00B758E5 /* PopupHeaderView.swift */ = {isa = PBXFileReference; fileEncoding = 4; lastKnownFileType = sourcecode.swift; path = PopupHeaderView.swift; sourceTree = "<group>"; };
		78E8E573247D35AF00B758E5 /* PopupFooterView.xib */ = {isa = PBXFileReference; fileEncoding = 4; lastKnownFileType = file.xib; path = PopupFooterView.xib; sourceTree = "<group>"; };
		83A1F45877EB89C0FF48E0AC /* Pods_Airbnb.framework */ = {isa = PBXFileReference; explicitFileType = wrapper.framework; includeInIndex = 0; path = Pods_Airbnb.framework; sourceTree = BUILT_PRODUCTS_DIR; };
		E14DC9E64FE40C2DA9226DDC /* Pods-Airbnb.release.xcconfig */ = {isa = PBXFileReference; includeInIndex = 1; lastKnownFileType = text.xcconfig; name = "Pods-Airbnb.release.xcconfig"; path = "Target Support Files/Pods-Airbnb/Pods-Airbnb.release.xcconfig"; sourceTree = "<group>"; };
/* End PBXFileReference section */

/* Begin PBXFrameworksBuildPhase section */
		30B0565A247E99AC005AD8BB /* Frameworks */ = {
			isa = PBXFrameworksBuildPhase;
			buildActionMask = 2147483647;
			files = (
			);
			runOnlyForDeploymentPostprocessing = 0;
		};
		78802AC22473A3C200A901E2 /* Frameworks */ = {
			isa = PBXFrameworksBuildPhase;
			buildActionMask = 2147483647;
			files = (
				D6EB7079E86E0EB83762633F /* Pods_Airbnb.framework in Frameworks */,
				30C038A1247E471C00E1A921 /* Alamofire in Frameworks */,
			);
			runOnlyForDeploymentPostprocessing = 0;
		};
/* End PBXFrameworksBuildPhase section */

/* Begin PBXGroup section */
		3004EE36247550FD00565A2B /* CalendarView */ = {
			isa = PBXGroup;
			children = (
				78725765247525270050DB66 /* CalendarCollectionViewCell.swift */,
			);
			path = CalendarView;
			sourceTree = "<group>";
		};
		301FD858247552E000F95C72 /* Components */ = {
			isa = PBXGroup;
			children = (
				30D248DC247694C3002F64F2 /* CalendarHeaderView.swift */,
				301FD859247552F000F95C72 /* CircleView.swift */,
				78E8E570247D35AF00B758E5 /* PopupFooterView.swift */,
				78E8E573247D35AF00B758E5 /* PopupFooterView.xib */,
				78E8E572247D35AF00B758E5 /* PopupHeaderView.swift */,
				78E8E571247D35AF00B758E5 /* PopupHeaderView.xib */,
			);
			path = Components;
			sourceTree = "<group>";
		};
		305B1B822482344E00836302 /* Delegates */ = {
			isa = PBXGroup;
			children = (
				305B1B832482347000836302 /* SendDataDelegate.swift */,
			);
			path = Delegates;
			sourceTree = "<group>";
		};
		30AEC500247FA17A00EB7413 /* Requests */ = {
			isa = PBXGroup;
			children = (
				30B05655247E7AAB005AD8BB /* Request.swift */,
				30AEC502247FA1A300EB7413 /* AccommodationRequest.swift */,
			);
			path = Requests;
			sourceTree = "<group>";
		};
		30B0565E247E99AC005AD8BB /* AirbnbTests */ = {
			isa = PBXGroup;
			children = (
				30B0565F247E99AC005AD8BB /* AirbnbTests.swift */,
				3054CF6524813F3F0097775B /* DateMangerTests.swift */,
				30B05661247E99AC005AD8BB /* Info.plist */,
			);
			path = AirbnbTests;
			sourceTree = "<group>";
		};
		30B89490247FD55700DFF944 /* Mocks */ = {
			isa = PBXGroup;
			children = (
				30B89491247FD57A00DFF944 /* AccommodationListMock.swift */,
			);
			path = Mocks;
			sourceTree = "<group>";
		};
		30B89493247FD7C100DFF944 /* ViewModels */ = {
			isa = PBXGroup;
			children = (
				30B89494247FD7DA00DFF944 /* ViewModelBinding.swift */,
				30B89496247FDC4200DFF944 /* AccommodationListViewModel.swift */,
			);
			path = ViewModels;
			sourceTree = "<group>";
		};
		30C0389E247E460C00E1A921 /* Network */ = {
			isa = PBXGroup;
			children = (
				30B89490247FD55700DFF944 /* Mocks */,
				30AEC500247FA17A00EB7413 /* Requests */,
				30C038A8247E552E00E1A921 /* UseCases */,
				30C038A4247E481000E1A921 /* EndPoints.swift */,
				30A5C16524852D3900D8D2D9 /* NetworkDispatcher.swift */,
				30A5C1672485412600D8D2D9 /* ExtendedSession.swift */,
			);
			path = Network;
			sourceTree = "<group>";
		};
		30C038A8247E552E00E1A921 /* UseCases */ = {
			isa = PBXGroup;
			children = (
				30C038A9247E578400E1A921 /* AccommodationUseCase.swift */,
			);
			path = UseCases;
			sourceTree = "<group>";
		};
		35EDAA52820D663526A55499 /* Frameworks */ = {
			isa = PBXGroup;
			children = (
				83A1F45877EB89C0FF48E0AC /* Pods_Airbnb.framework */,
			);
			name = Frameworks;
			sourceTree = "<group>";
		};
		78262B4C247BDBB7007AAEDA /* GuestView */ = {
			isa = PBXGroup;
			children = (
				78262B4D247BDCBE007AAEDA /* GuestSelectionView.swift */,
				78262B4F247BDDAB007AAEDA /* GuestSelectionView.xib */,
				781FC487247BEE8E0091AB61 /* CountControlButton.swift */,
			);
			path = GuestView;
			sourceTree = "<group>";
		};
		7872575A2475116F0050DB66 /* Views */ = {
			isa = PBXGroup;
			children = (
				301FD858247552E000F95C72 /* Components */,
				7872575B247511770050DB66 /* SearchView */,
				3004EE36247550FD00565A2B /* CalendarView */,
				78262B4C247BDBB7007AAEDA /* GuestView */,
				78C40E1E248528F600FA98FD /* PriceRangeView */,
			);
			path = Views;
			sourceTree = "<group>";
		};
		7872575B247511770050DB66 /* SearchView */ = {
			isa = PBXGroup;
			children = (
				78802ADC2473A7E200A901E2 /* FilterButton.swift */,
				78802ADE2473ABD500A901E2 /* AccommodationSearchCollectionView.swift */,
				78802AE22473BF1200A901E2 /* AccommodationSearchCollectionViewCell.swift */,
				78802AE32473BF1200A901E2 /* AccommodationSearchCollectionViewCell.xib */,
				30B2E927247401EB002FB866 /* SearchTextField.swift */,
			);
			path = SearchView;
			sourceTree = "<group>";
		};
		7872575D247511F30050DB66 /* DataSources */ = {
			isa = PBXGroup;
			children = (
				30B2E9252473F367002FB866 /* AccommodationSearchCollectionViewDataSource.swift */,
			);
			path = DataSources;
			sourceTree = "<group>";
		};
		7872575E2475120B0050DB66 /* ViewControllers */ = {
			isa = PBXGroup;
			children = (
				306FD629247D402A00A65DB0 /* MainViewController.swift */,
				30B2E9232473F2C6002FB866 /* SearchViewController.swift */,
				7872575824750C520050DB66 /* CalendarViewController.swift */,
				78262B4A247BDB88007AAEDA /* GuestViewController.swift */,
				78C40E1924851FF800FA98FD /* PriceRangeViewController.swift */,
			);
			path = ViewControllers;
			sourceTree = "<group>";
		};
		7872575F247512300050DB66 /* Entry */ = {
			isa = PBXGroup;
			children = (
				78802AC82473A3C200A901E2 /* AppDelegate.swift */,
				78802ACA2473A3C200A901E2 /* SceneDelegate.swift */,
			);
			path = Entry;
			sourceTree = "<group>";
		};
		787257602475123C0050DB66 /* Models */ = {
			isa = PBXGroup;
			children = (
				30B2E91F2473D228002FB866 /* Accommodation.swift */,
			);
			path = Models;
			sourceTree = "<group>";
		};
		78725761247513100050DB66 /* Utilities */ = {
			isa = PBXGroup;
			children = (
				787257622475131D0050DB66 /* Date */,
			);
			path = Utilities;
			sourceTree = "<group>";
		};
		787257622475131D0050DB66 /* Date */ = {
			isa = PBXGroup;
			children = (
				787257632475132A0050DB66 /* DateManager.swift */,
			);
			path = Date;
			sourceTree = "<group>";
		};
		78802ABC2473A3C200A901E2 = {
			isa = PBXGroup;
			children = (
				78802AC72473A3C200A901E2 /* Airbnb */,
				30B0565E247E99AC005AD8BB /* AirbnbTests */,
				78802AC62473A3C200A901E2 /* Products */,
				A8285F56BCA0ED87EED40B84 /* Pods */,
				35EDAA52820D663526A55499 /* Frameworks */,
			);
			sourceTree = "<group>";
		};
		78802AC62473A3C200A901E2 /* Products */ = {
			isa = PBXGroup;
			children = (
				78802AC52473A3C200A901E2 /* Airbnb.app */,
				30B0565D247E99AC005AD8BB /* AirbnbTests.xctest */,
			);
			name = Products;
			sourceTree = "<group>";
		};
		78802AC72473A3C200A901E2 /* Airbnb */ = {
			isa = PBXGroup;
			children = (
				305B1B822482344E00836302 /* Delegates */,
				30B89493247FD7C100DFF944 /* ViewModels */,
				30C0389E247E460C00E1A921 /* Network */,
				78802AD12473A3C300A901E2 /* Assets.xcassets */,
				7872575D247511F30050DB66 /* DataSources */,
				7872575F247512300050DB66 /* Entry */,
				78802AD62473A3C300A901E2 /* Info.plist */,
				78802AD32473A3C300A901E2 /* LaunchScreen.storyboard */,
				78802ACE2473A3C200A901E2 /* Main.storyboard */,
				787257602475123C0050DB66 /* Models */,
				78725761247513100050DB66 /* Utilities */,
				7872575E2475120B0050DB66 /* ViewControllers */,
				7872575A2475116F0050DB66 /* Views */,
				30B05657247E9950005AD8BB /* FakeAccommodationList.json */,
			);
			path = Airbnb;
			sourceTree = "<group>";
		};
		78C40E1E248528F600FA98FD /* PriceRangeView */ = {
			isa = PBXGroup;
			children = (
				78C40E212485293400FA98FD /* PriceRangeGraphView.swift */,
				78C40E23248562B400FA98FD /* PriceRangeSlider.swift */,
				78C40E252485633700FA98FD /* PriceRangeSliderTrackLayer.swift */,
				78C40E272485639F00FA98FD /* PriceRangeSliderThumbLayer.swift */,
			);
			path = PriceRangeView;
			sourceTree = "<group>";
		};
		A8285F56BCA0ED87EED40B84 /* Pods */ = {
			isa = PBXGroup;
			children = (
				4012801DAD21A7AE478D9312 /* Pods-Airbnb.debug.xcconfig */,
				E14DC9E64FE40C2DA9226DDC /* Pods-Airbnb.release.xcconfig */,
			);
			path = Pods;
			sourceTree = "<group>";
		};
/* End PBXGroup section */

/* Begin PBXNativeTarget section */
		30B0565C247E99AC005AD8BB /* AirbnbTests */ = {
			isa = PBXNativeTarget;
			buildConfigurationList = 30B05664247E99AC005AD8BB /* Build configuration list for PBXNativeTarget "AirbnbTests" */;
			buildPhases = (
				30B05659247E99AC005AD8BB /* Sources */,
				30B0565A247E99AC005AD8BB /* Frameworks */,
				30B0565B247E99AC005AD8BB /* Resources */,
			);
			buildRules = (
			);
			dependencies = (
				30B05663247E99AC005AD8BB /* PBXTargetDependency */,
			);
			name = AirbnbTests;
			productName = AirbnbTests;
			productReference = 30B0565D247E99AC005AD8BB /* AirbnbTests.xctest */;
			productType = "com.apple.product-type.bundle.unit-test";
		};
		78802AC42473A3C200A901E2 /* Airbnb */ = {
			isa = PBXNativeTarget;
			buildConfigurationList = 78802AD92473A3C300A901E2 /* Build configuration list for PBXNativeTarget "Airbnb" */;
			buildPhases = (
				C920FEEF6FE7EF13BD588E88 /* [CP] Check Pods Manifest.lock */,
				78802AC12473A3C200A901E2 /* Sources */,
				78802AC22473A3C200A901E2 /* Frameworks */,
				78802AC32473A3C200A901E2 /* Resources */,
				3610DC04E892941093E14051 /* [CP] Embed Pods Frameworks */,
			);
			buildRules = (
			);
			dependencies = (
			);
			name = Airbnb;
			packageProductDependencies = (
				30C038A0247E471C00E1A921 /* Alamofire */,
			);
			productName = Airbnb;
			productReference = 78802AC52473A3C200A901E2 /* Airbnb.app */;
			productType = "com.apple.product-type.application";
		};
/* End PBXNativeTarget section */

/* Begin PBXProject section */
		78802ABD2473A3C200A901E2 /* Project object */ = {
			isa = PBXProject;
			attributes = {
				LastSwiftUpdateCheck = 1140;
				LastUpgradeCheck = 1130;
				ORGANIZATIONNAME = jinie;
				TargetAttributes = {
					30B0565C247E99AC005AD8BB = {
						CreatedOnToolsVersion = 11.4.1;
						TestTargetID = 78802AC42473A3C200A901E2;
					};
					78802AC42473A3C200A901E2 = {
						CreatedOnToolsVersion = 11.3;
					};
				};
			};
			buildConfigurationList = 78802AC02473A3C200A901E2 /* Build configuration list for PBXProject "Airbnb" */;
			compatibilityVersion = "Xcode 9.3";
			developmentRegion = en;
			hasScannedForEncodings = 0;
			knownRegions = (
				en,
				Base,
			);
			mainGroup = 78802ABC2473A3C200A901E2;
			packageReferences = (
				30C0389F247E471C00E1A921 /* XCRemoteSwiftPackageReference "Alamofire" */,
			);
			productRefGroup = 78802AC62473A3C200A901E2 /* Products */;
			projectDirPath = "";
			projectRoot = "";
			targets = (
				78802AC42473A3C200A901E2 /* Airbnb */,
				30B0565C247E99AC005AD8BB /* AirbnbTests */,
			);
		};
/* End PBXProject section */

/* Begin PBXResourcesBuildPhase section */
		30B0565B247E99AC005AD8BB /* Resources */ = {
			isa = PBXResourcesBuildPhase;
			buildActionMask = 2147483647;
			files = (
			);
			runOnlyForDeploymentPostprocessing = 0;
		};
		78802AC32473A3C200A901E2 /* Resources */ = {
			isa = PBXResourcesBuildPhase;
			buildActionMask = 2147483647;
			files = (
				78E8E577247D35AF00B758E5 /* PopupFooterView.xib in Resources */,
				78802AD52473A3C300A901E2 /* LaunchScreen.storyboard in Resources */,
				78262B50247BDDAB007AAEDA /* GuestSelectionView.xib in Resources */,
				30B05658247E9950005AD8BB /* FakeAccommodationList.json in Resources */,
				78802AE52473BF1200A901E2 /* AccommodationSearchCollectionViewCell.xib in Resources */,
				78E8E575247D35AF00B758E5 /* PopupHeaderView.xib in Resources */,
				78802AD22473A3C300A901E2 /* Assets.xcassets in Resources */,
				78802AD02473A3C200A901E2 /* Main.storyboard in Resources */,
			);
			runOnlyForDeploymentPostprocessing = 0;
		};
/* End PBXResourcesBuildPhase section */

/* Begin PBXShellScriptBuildPhase section */
		3610DC04E892941093E14051 /* [CP] Embed Pods Frameworks */ = {
			isa = PBXShellScriptBuildPhase;
			buildActionMask = 2147483647;
			files = (
			);
			inputFileListPaths = (
				"${PODS_ROOT}/Target Support Files/Pods-Airbnb/Pods-Airbnb-frameworks-${CONFIGURATION}-input-files.xcfilelist",
			);
			name = "[CP] Embed Pods Frameworks";
			outputFileListPaths = (
				"${PODS_ROOT}/Target Support Files/Pods-Airbnb/Pods-Airbnb-frameworks-${CONFIGURATION}-output-files.xcfilelist",
			);
			runOnlyForDeploymentPostprocessing = 0;
			shellPath = /bin/sh;
			shellScript = "\"${PODS_ROOT}/Target Support Files/Pods-Airbnb/Pods-Airbnb-frameworks.sh\"\n";
			showEnvVarsInLog = 0;
		};
		C920FEEF6FE7EF13BD588E88 /* [CP] Check Pods Manifest.lock */ = {
			isa = PBXShellScriptBuildPhase;
			buildActionMask = 2147483647;
			files = (
			);
			inputFileListPaths = (
			);
			inputPaths = (
				"${PODS_PODFILE_DIR_PATH}/Podfile.lock",
				"${PODS_ROOT}/Manifest.lock",
			);
			name = "[CP] Check Pods Manifest.lock";
			outputFileListPaths = (
			);
			outputPaths = (
				"$(DERIVED_FILE_DIR)/Pods-Airbnb-checkManifestLockResult.txt",
			);
			runOnlyForDeploymentPostprocessing = 0;
			shellPath = /bin/sh;
			shellScript = "diff \"${PODS_PODFILE_DIR_PATH}/Podfile.lock\" \"${PODS_ROOT}/Manifest.lock\" > /dev/null\nif [ $? != 0 ] ; then\n    # print error to STDERR\n    echo \"error: The sandbox is not in sync with the Podfile.lock. Run 'pod install' or update your CocoaPods installation.\" >&2\n    exit 1\nfi\n# This output is used by Xcode 'outputs' to avoid re-running this script phase.\necho \"SUCCESS\" > \"${SCRIPT_OUTPUT_FILE_0}\"\n";
			showEnvVarsInLog = 0;
		};
/* End PBXShellScriptBuildPhase section */

/* Begin PBXSourcesBuildPhase section */
		30B05659247E99AC005AD8BB /* Sources */ = {
			isa = PBXSourcesBuildPhase;
			buildActionMask = 2147483647;
			files = (
				30B05660247E99AC005AD8BB /* AirbnbTests.swift in Sources */,
				3054CF6624813F3F0097775B /* DateMangerTests.swift in Sources */,
			);
			runOnlyForDeploymentPostprocessing = 0;
		};
		78802AC12473A3C200A901E2 /* Sources */ = {
			isa = PBXSourcesBuildPhase;
			buildActionMask = 2147483647;
			files = (
				78C40E262485633700FA98FD /* PriceRangeSliderTrackLayer.swift in Sources */,
				78725766247525270050DB66 /* CalendarCollectionViewCell.swift in Sources */,
				78802AC92473A3C200A901E2 /* AppDelegate.swift in Sources */,
				30B2E9262473F367002FB866 /* AccommodationSearchCollectionViewDataSource.swift in Sources */,
				30C038A5247E481000E1A921 /* EndPoints.swift in Sources */,
				78E8E574247D35AF00B758E5 /* PopupFooterView.swift in Sources */,
				781FC488247BEE8E0091AB61 /* CountControlButton.swift in Sources */,
				78262B4E247BDCBE007AAEDA /* GuestSelectionView.swift in Sources */,
				78C40E222485293400FA98FD /* PriceRangeGraphView.swift in Sources */,
				78C40E1A24851FF800FA98FD /* PriceRangeViewController.swift in Sources */,
				78E8E576247D35AF00B758E5 /* PopupHeaderView.swift in Sources */,
				7872575924750C520050DB66 /* CalendarViewController.swift in Sources */,
				30B2E9242473F2C6002FB866 /* SearchViewController.swift in Sources */,
				305B1B842482347000836302 /* SendDataDelegate.swift in Sources */,
				78C40E282485639F00FA98FD /* PriceRangeSliderThumbLayer.swift in Sources */,
				30B05656247E7AAB005AD8BB /* Request.swift in Sources */,
				78802ACB2473A3C200A901E2 /* SceneDelegate.swift in Sources */,
				30B2E928247401EB002FB866 /* SearchTextField.swift in Sources */,
				30B89492247FD57A00DFF944 /* AccommodationListMock.swift in Sources */,
				30C038AA247E578400E1A921 /* AccommodationUseCase.swift in Sources */,
				30B89497247FDC4200DFF944 /* AccommodationListViewModel.swift in Sources */,
				78802ADD2473A7E200A901E2 /* FilterButton.swift in Sources */,
				301FD85A247552F000F95C72 /* CircleView.swift in Sources */,
				30D248DE247694C3002F64F2 /* CalendarHeaderView.swift in Sources */,
				30B89495247FD7DA00DFF944 /* ViewModelBinding.swift in Sources */,
				787257642475132A0050DB66 /* DateManager.swift in Sources */,
				78262B4B247BDB88007AAEDA /* GuestViewController.swift in Sources */,
				30A5C1682485412600D8D2D9 /* ExtendedSession.swift in Sources */,
				78802ADF2473ABD500A901E2 /* AccommodationSearchCollectionView.swift in Sources */,
				30AEC503247FA1A300EB7413 /* AccommodationRequest.swift in Sources */,
				78802AE42473BF1200A901E2 /* AccommodationSearchCollectionViewCell.swift in Sources */,
				78C40E24248562B400FA98FD /* PriceRangeSlider.swift in Sources */,
				30B2E9202473D228002FB866 /* Accommodation.swift in Sources */,
				30A5C16624852D3900D8D2D9 /* NetworkDispatcher.swift in Sources */,
				306FD62A247D402A00A65DB0 /* MainViewController.swift in Sources */,
			);
			runOnlyForDeploymentPostprocessing = 0;
		};
/* End PBXSourcesBuildPhase section */

/* Begin PBXTargetDependency section */
		30B05663247E99AC005AD8BB /* PBXTargetDependency */ = {
			isa = PBXTargetDependency;
			target = 78802AC42473A3C200A901E2 /* Airbnb */;
			targetProxy = 30B05662247E99AC005AD8BB /* PBXContainerItemProxy */;
		};
/* End PBXTargetDependency section */

/* Begin PBXVariantGroup section */
		78802ACE2473A3C200A901E2 /* Main.storyboard */ = {
			isa = PBXVariantGroup;
			children = (
				78802ACF2473A3C200A901E2 /* Base */,
			);
			name = Main.storyboard;
			sourceTree = "<group>";
		};
		78802AD32473A3C300A901E2 /* LaunchScreen.storyboard */ = {
			isa = PBXVariantGroup;
			children = (
				78802AD42473A3C300A901E2 /* Base */,
			);
			name = LaunchScreen.storyboard;
			sourceTree = "<group>";
		};
/* End PBXVariantGroup section */

/* Begin XCBuildConfiguration section */
		30B05665247E99AC005AD8BB /* Debug */ = {
			isa = XCBuildConfiguration;
			buildSettings = {
				BUNDLE_LOADER = "$(TEST_HOST)";
				CODE_SIGN_STYLE = Automatic;
				DEVELOPMENT_TEAM = NC28R53QWB;
				INFOPLIST_FILE = AirbnbTests/Info.plist;
				IPHONEOS_DEPLOYMENT_TARGET = 13.4;
				LD_RUNPATH_SEARCH_PATHS = (
					"$(inherited)",
					"@executable_path/Frameworks",
					"@loader_path/Frameworks",
				);
				PRODUCT_BUNDLE_IDENTIFIER = com.delma.AirbnbTests;
				PRODUCT_NAME = "$(TARGET_NAME)";
				SWIFT_VERSION = 5.0;
				TARGETED_DEVICE_FAMILY = "1,2";
				TEST_HOST = "$(BUILT_PRODUCTS_DIR)/Airbnb.app/Airbnb";
			};
			name = Debug;
		};
		30B05666247E99AC005AD8BB /* Release */ = {
			isa = XCBuildConfiguration;
			buildSettings = {
				BUNDLE_LOADER = "$(TEST_HOST)";
				CODE_SIGN_STYLE = Automatic;
				DEVELOPMENT_TEAM = NC28R53QWB;
				INFOPLIST_FILE = AirbnbTests/Info.plist;
				IPHONEOS_DEPLOYMENT_TARGET = 13.4;
				LD_RUNPATH_SEARCH_PATHS = (
					"$(inherited)",
					"@executable_path/Frameworks",
					"@loader_path/Frameworks",
				);
				PRODUCT_BUNDLE_IDENTIFIER = com.delma.AirbnbTests;
				PRODUCT_NAME = "$(TARGET_NAME)";
				SWIFT_VERSION = 5.0;
				TARGETED_DEVICE_FAMILY = "1,2";
				TEST_HOST = "$(BUILT_PRODUCTS_DIR)/Airbnb.app/Airbnb";
			};
			name = Release;
		};
		78802AD72473A3C300A901E2 /* Debug */ = {
			isa = XCBuildConfiguration;
			buildSettings = {
				ALWAYS_SEARCH_USER_PATHS = NO;
				CLANG_ANALYZER_NONNULL = YES;
				CLANG_ANALYZER_NUMBER_OBJECT_CONVERSION = YES_AGGRESSIVE;
				CLANG_CXX_LANGUAGE_STANDARD = "gnu++14";
				CLANG_CXX_LIBRARY = "libc++";
				CLANG_ENABLE_MODULES = YES;
				CLANG_ENABLE_OBJC_ARC = YES;
				CLANG_ENABLE_OBJC_WEAK = YES;
				CLANG_WARN_BLOCK_CAPTURE_AUTORELEASING = YES;
				CLANG_WARN_BOOL_CONVERSION = YES;
				CLANG_WARN_COMMA = YES;
				CLANG_WARN_CONSTANT_CONVERSION = YES;
				CLANG_WARN_DEPRECATED_OBJC_IMPLEMENTATIONS = YES;
				CLANG_WARN_DIRECT_OBJC_ISA_USAGE = YES_ERROR;
				CLANG_WARN_DOCUMENTATION_COMMENTS = YES;
				CLANG_WARN_EMPTY_BODY = YES;
				CLANG_WARN_ENUM_CONVERSION = YES;
				CLANG_WARN_INFINITE_RECURSION = YES;
				CLANG_WARN_INT_CONVERSION = YES;
				CLANG_WARN_NON_LITERAL_NULL_CONVERSION = YES;
				CLANG_WARN_OBJC_IMPLICIT_RETAIN_SELF = YES;
				CLANG_WARN_OBJC_LITERAL_CONVERSION = YES;
				CLANG_WARN_OBJC_ROOT_CLASS = YES_ERROR;
				CLANG_WARN_RANGE_LOOP_ANALYSIS = YES;
				CLANG_WARN_STRICT_PROTOTYPES = YES;
				CLANG_WARN_SUSPICIOUS_MOVE = YES;
				CLANG_WARN_UNGUARDED_AVAILABILITY = YES_AGGRESSIVE;
				CLANG_WARN_UNREACHABLE_CODE = YES;
				CLANG_WARN__DUPLICATE_METHOD_MATCH = YES;
				COPY_PHASE_STRIP = NO;
				DEBUG_INFORMATION_FORMAT = dwarf;
				ENABLE_STRICT_OBJC_MSGSEND = YES;
				ENABLE_TESTABILITY = YES;
				GCC_C_LANGUAGE_STANDARD = gnu11;
				GCC_DYNAMIC_NO_PIC = NO;
				GCC_NO_COMMON_BLOCKS = YES;
				GCC_OPTIMIZATION_LEVEL = 0;
				GCC_PREPROCESSOR_DEFINITIONS = (
					"DEBUG=1",
					"$(inherited)",
				);
				GCC_WARN_64_TO_32_BIT_CONVERSION = YES;
				GCC_WARN_ABOUT_RETURN_TYPE = YES_ERROR;
				GCC_WARN_UNDECLARED_SELECTOR = YES;
				GCC_WARN_UNINITIALIZED_AUTOS = YES_AGGRESSIVE;
				GCC_WARN_UNUSED_FUNCTION = YES;
				GCC_WARN_UNUSED_VARIABLE = YES;
				IPHONEOS_DEPLOYMENT_TARGET = 13.2;
				MTL_ENABLE_DEBUG_INFO = INCLUDE_SOURCE;
				MTL_FAST_MATH = YES;
				ONLY_ACTIVE_ARCH = YES;
				SDKROOT = iphoneos;
				SWIFT_ACTIVE_COMPILATION_CONDITIONS = DEBUG;
				SWIFT_OPTIMIZATION_LEVEL = "-Onone";
			};
			name = Debug;
		};
		78802AD82473A3C300A901E2 /* Release */ = {
			isa = XCBuildConfiguration;
			buildSettings = {
				ALWAYS_SEARCH_USER_PATHS = NO;
				CLANG_ANALYZER_NONNULL = YES;
				CLANG_ANALYZER_NUMBER_OBJECT_CONVERSION = YES_AGGRESSIVE;
				CLANG_CXX_LANGUAGE_STANDARD = "gnu++14";
				CLANG_CXX_LIBRARY = "libc++";
				CLANG_ENABLE_MODULES = YES;
				CLANG_ENABLE_OBJC_ARC = YES;
				CLANG_ENABLE_OBJC_WEAK = YES;
				CLANG_WARN_BLOCK_CAPTURE_AUTORELEASING = YES;
				CLANG_WARN_BOOL_CONVERSION = YES;
				CLANG_WARN_COMMA = YES;
				CLANG_WARN_CONSTANT_CONVERSION = YES;
				CLANG_WARN_DEPRECATED_OBJC_IMPLEMENTATIONS = YES;
				CLANG_WARN_DIRECT_OBJC_ISA_USAGE = YES_ERROR;
				CLANG_WARN_DOCUMENTATION_COMMENTS = YES;
				CLANG_WARN_EMPTY_BODY = YES;
				CLANG_WARN_ENUM_CONVERSION = YES;
				CLANG_WARN_INFINITE_RECURSION = YES;
				CLANG_WARN_INT_CONVERSION = YES;
				CLANG_WARN_NON_LITERAL_NULL_CONVERSION = YES;
				CLANG_WARN_OBJC_IMPLICIT_RETAIN_SELF = YES;
				CLANG_WARN_OBJC_LITERAL_CONVERSION = YES;
				CLANG_WARN_OBJC_ROOT_CLASS = YES_ERROR;
				CLANG_WARN_RANGE_LOOP_ANALYSIS = YES;
				CLANG_WARN_STRICT_PROTOTYPES = YES;
				CLANG_WARN_SUSPICIOUS_MOVE = YES;
				CLANG_WARN_UNGUARDED_AVAILABILITY = YES_AGGRESSIVE;
				CLANG_WARN_UNREACHABLE_CODE = YES;
				CLANG_WARN__DUPLICATE_METHOD_MATCH = YES;
				COPY_PHASE_STRIP = NO;
				DEBUG_INFORMATION_FORMAT = "dwarf-with-dsym";
				ENABLE_NS_ASSERTIONS = NO;
				ENABLE_STRICT_OBJC_MSGSEND = YES;
				GCC_C_LANGUAGE_STANDARD = gnu11;
				GCC_NO_COMMON_BLOCKS = YES;
				GCC_WARN_64_TO_32_BIT_CONVERSION = YES;
				GCC_WARN_ABOUT_RETURN_TYPE = YES_ERROR;
				GCC_WARN_UNDECLARED_SELECTOR = YES;
				GCC_WARN_UNINITIALIZED_AUTOS = YES_AGGRESSIVE;
				GCC_WARN_UNUSED_FUNCTION = YES;
				GCC_WARN_UNUSED_VARIABLE = YES;
				IPHONEOS_DEPLOYMENT_TARGET = 13.2;
				MTL_ENABLE_DEBUG_INFO = NO;
				MTL_FAST_MATH = YES;
				SDKROOT = iphoneos;
				SWIFT_COMPILATION_MODE = wholemodule;
				SWIFT_OPTIMIZATION_LEVEL = "-O";
				VALIDATE_PRODUCT = YES;
			};
			name = Release;
		};
		78802ADA2473A3C300A901E2 /* Debug */ = {
			isa = XCBuildConfiguration;
			baseConfigurationReference = 4012801DAD21A7AE478D9312 /* Pods-Airbnb.debug.xcconfig */;
			buildSettings = {
				ASSETCATALOG_COMPILER_APPICON_NAME = AppIcon;
				CODE_SIGN_STYLE = Automatic;
				INFOPLIST_FILE = Airbnb/Info.plist;
				LD_RUNPATH_SEARCH_PATHS = (
					"$(inherited)",
					"@executable_path/Frameworks",
				);
				PRODUCT_BUNDLE_IDENTIFIER = jinie.Airbnb;
				PRODUCT_NAME = "$(TARGET_NAME)";
				SWIFT_VERSION = 5.0;
				TARGETED_DEVICE_FAMILY = "1,2";
			};
			name = Debug;
		};
		78802ADB2473A3C300A901E2 /* Release */ = {
			isa = XCBuildConfiguration;
			baseConfigurationReference = E14DC9E64FE40C2DA9226DDC /* Pods-Airbnb.release.xcconfig */;
			buildSettings = {
				ASSETCATALOG_COMPILER_APPICON_NAME = AppIcon;
				CODE_SIGN_STYLE = Automatic;
				INFOPLIST_FILE = Airbnb/Info.plist;
				LD_RUNPATH_SEARCH_PATHS = (
					"$(inherited)",
					"@executable_path/Frameworks",
				);
				PRODUCT_BUNDLE_IDENTIFIER = jinie.Airbnb;
				PRODUCT_NAME = "$(TARGET_NAME)";
				SWIFT_VERSION = 5.0;
				TARGETED_DEVICE_FAMILY = "1,2";
			};
			name = Release;
		};
/* End XCBuildConfiguration section */

/* Begin XCConfigurationList section */
		30B05664247E99AC005AD8BB /* Build configuration list for PBXNativeTarget "AirbnbTests" */ = {
			isa = XCConfigurationList;
			buildConfigurations = (
				30B05665247E99AC005AD8BB /* Debug */,
				30B05666247E99AC005AD8BB /* Release */,
			);
			defaultConfigurationIsVisible = 0;
			defaultConfigurationName = Release;
		};
		78802AC02473A3C200A901E2 /* Build configuration list for PBXProject "Airbnb" */ = {
			isa = XCConfigurationList;
			buildConfigurations = (
				78802AD72473A3C300A901E2 /* Debug */,
				78802AD82473A3C300A901E2 /* Release */,
			);
			defaultConfigurationIsVisible = 0;
			defaultConfigurationName = Release;
		};
		78802AD92473A3C300A901E2 /* Build configuration list for PBXNativeTarget "Airbnb" */ = {
			isa = XCConfigurationList;
			buildConfigurations = (
				78802ADA2473A3C300A901E2 /* Debug */,
				78802ADB2473A3C300A901E2 /* Release */,
			);
			defaultConfigurationIsVisible = 0;
			defaultConfigurationName = Release;
		};
/* End XCConfigurationList section */

/* Begin XCRemoteSwiftPackageReference section */
		30C0389F247E471C00E1A921 /* XCRemoteSwiftPackageReference "Alamofire" */ = {
			isa = XCRemoteSwiftPackageReference;
			repositoryURL = "https://github.com/Alamofire/Alamofire.git";
			requirement = {
				kind = upToNextMajorVersion;
				minimumVersion = 5.2.0;
			};
		};
/* End XCRemoteSwiftPackageReference section */

/* Begin XCSwiftPackageProductDependency section */
		30C038A0247E471C00E1A921 /* Alamofire */ = {
			isa = XCSwiftPackageProductDependency;
			package = 30C0389F247E471C00E1A921 /* XCRemoteSwiftPackageReference "Alamofire" */;
			productName = Alamofire;
		};
/* End XCSwiftPackageProductDependency section */
	};
	rootObject = 78802ABD2473A3C200A901E2 /* Project object */;
}
